// !$*UTF8*$!
{
	archiveVersion = 1;
	classes = {
	};
	objectVersion = 46;
	objects = {

/* Begin PBXBuildFile section */
		31013848187B8682005D7FE2 /* LSLockScreen+Private.m in Sources */ = {isa = PBXBuildFile; fileRef = 31013847187B8682005D7FE2 /* LSLockScreen+Private.m */; };
		31AA8D27187B7E4C000D1BCC /* Foundation.framework in Frameworks */ = {isa = PBXBuildFile; fileRef = 31AA8D26187B7E4C000D1BCC /* Foundation.framework */; };
		31AA8D29187B7E4C000D1BCC /* CoreGraphics.framework in Frameworks */ = {isa = PBXBuildFile; fileRef = 31AA8D28187B7E4C000D1BCC /* CoreGraphics.framework */; };
		31AA8D2B187B7E4C000D1BCC /* UIKit.framework in Frameworks */ = {isa = PBXBuildFile; fileRef = 31AA8D2A187B7E4C000D1BCC /* UIKit.framework */; };
		31AA8D31187B7E4C000D1BCC /* InfoPlist.strings in Resources */ = {isa = PBXBuildFile; fileRef = 31AA8D2F187B7E4C000D1BCC /* InfoPlist.strings */; };
		31AA8D33187B7E4C000D1BCC /* main.m in Sources */ = {isa = PBXBuildFile; fileRef = 31AA8D32187B7E4C000D1BCC /* main.m */; };
		31AA8D37187B7E4C000D1BCC /* LSAppDelegate.m in Sources */ = {isa = PBXBuildFile; fileRef = 31AA8D36187B7E4C000D1BCC /* LSAppDelegate.m */; };
		31AA8D39187B7E4C000D1BCC /* Images.xcassets in Resources */ = {isa = PBXBuildFile; fileRef = 31AA8D38187B7E4C000D1BCC /* Images.xcassets */; };
		31AA8D40187B7E4C000D1BCC /* XCTest.framework in Frameworks */ = {isa = PBXBuildFile; fileRef = 31AA8D3F187B7E4C000D1BCC /* XCTest.framework */; };
		31AA8D41187B7E4C000D1BCC /* Foundation.framework in Frameworks */ = {isa = PBXBuildFile; fileRef = 31AA8D26187B7E4C000D1BCC /* Foundation.framework */; };
		31AA8D42187B7E4C000D1BCC /* UIKit.framework in Frameworks */ = {isa = PBXBuildFile; fileRef = 31AA8D2A187B7E4C000D1BCC /* UIKit.framework */; };
		31AA8D4A187B7E4C000D1BCC /* InfoPlist.strings in Resources */ = {isa = PBXBuildFile; fileRef = 31AA8D48187B7E4C000D1BCC /* InfoPlist.strings */; };
		31AA8D4C187B7E4C000D1BCC /* LockScreenTests.m in Sources */ = {isa = PBXBuildFile; fileRef = 31AA8D4B187B7E4C000D1BCC /* LockScreenTests.m */; };
		31AA8D58187B7F54000D1BCC /* LSUnlockedViewController.m in Sources */ = {isa = PBXBuildFile; fileRef = 31AA8D56187B7F54000D1BCC /* LSUnlockedViewController.m */; };
		31AA8D59187B7F54000D1BCC /* LSUnlockedViewController.xib in Resources */ = {isa = PBXBuildFile; fileRef = 31AA8D57187B7F54000D1BCC /* LSUnlockedViewController.xib */; };
		31AA8D5E187B7FC8000D1BCC /* LSLockScreen.m in Sources */ = {isa = PBXBuildFile; fileRef = 31AA8D5C187B7FC8000D1BCC /* LSLockScreen.m */; };
		31AA8D5F187B7FC8000D1BCC /* LSLockScreen.xib in Resources */ = {isa = PBXBuildFile; fileRef = 31AA8D5D187B7FC8000D1BCC /* LSLockScreen.xib */; };
/* End PBXBuildFile section */

/* Begin PBXContainerItemProxy section */
		31AA8D43187B7E4C000D1BCC /* PBXContainerItemProxy */ = {
			isa = PBXContainerItemProxy;
			containerPortal = 31AA8D1B187B7E4C000D1BCC /* Project object */;
			proxyType = 1;
			remoteGlobalIDString = 31AA8D22187B7E4C000D1BCC;
			remoteInfo = LockScreen;
		};
/* End PBXContainerItemProxy section */

/* Begin PBXFileReference section */
		31013846187B8682005D7FE2 /* LSLockScreen+Private.h */ = {isa = PBXFileReference; fileEncoding = 4; lastKnownFileType = sourcecode.c.h; name = "LSLockScreen+Private.h"; path = "ViewControllers/LSLockScreen+Private.h"; sourceTree = "<group>"; };
		31013847187B8682005D7FE2 /* LSLockScreen+Private.m */ = {isa = PBXFileReference; fileEncoding = 4; lastKnownFileType = sourcecode.c.objc; name = "LSLockScreen+Private.m"; path = "ViewControllers/LSLockScreen+Private.m"; sourceTree = "<group>"; };
		31AA8D23187B7E4C000D1BCC /* LockScreen.app */ = {isa = PBXFileReference; explicitFileType = wrapper.application; includeInIndex = 0; path = LockScreen.app; sourceTree = BUILT_PRODUCTS_DIR; };
		31AA8D26187B7E4C000D1BCC /* Foundation.framework */ = {isa = PBXFileReference; lastKnownFileType = wrapper.framework; name = Foundation.framework; path = System/Library/Frameworks/Foundation.framework; sourceTree = SDKROOT; };
		31AA8D28187B7E4C000D1BCC /* CoreGraphics.framework */ = {isa = PBXFileReference; lastKnownFileType = wrapper.framework; name = CoreGraphics.framework; path = System/Library/Frameworks/CoreGraphics.framework; sourceTree = SDKROOT; };
		31AA8D2A187B7E4C000D1BCC /* UIKit.framework */ = {isa = PBXFileReference; lastKnownFileType = wrapper.framework; name = UIKit.framework; path = System/Library/Frameworks/UIKit.framework; sourceTree = SDKROOT; };
		31AA8D2E187B7E4C000D1BCC /* LockScreen-Info.plist */ = {isa = PBXFileReference; lastKnownFileType = text.plist.xml; path = "LockScreen-Info.plist"; sourceTree = "<group>"; };
		31AA8D30187B7E4C000D1BCC /* en */ = {isa = PBXFileReference; lastKnownFileType = text.plist.strings; name = en; path = en.lproj/InfoPlist.strings; sourceTree = "<group>"; };
		31AA8D32187B7E4C000D1BCC /* main.m */ = {isa = PBXFileReference; lastKnownFileType = sourcecode.c.objc; path = main.m; sourceTree = "<group>"; };
		31AA8D34187B7E4C000D1BCC /* LockScreen-Prefix.pch */ = {isa = PBXFileReference; lastKnownFileType = sourcecode.c.h; path = "LockScreen-Prefix.pch"; sourceTree = "<group>"; };
		31AA8D35187B7E4C000D1BCC /* LSAppDelegate.h */ = {isa = PBXFileReference; lastKnownFileType = sourcecode.c.h; path = LSAppDelegate.h; sourceTree = "<group>"; };
		31AA8D36187B7E4C000D1BCC /* LSAppDelegate.m */ = {isa = PBXFileReference; lastKnownFileType = sourcecode.c.objc; path = LSAppDelegate.m; sourceTree = "<group>"; };
		31AA8D38187B7E4C000D1BCC /* Images.xcassets */ = {isa = PBXFileReference; lastKnownFileType = folder.assetcatalog; path = Images.xcassets; sourceTree = "<group>"; };
		31AA8D3E187B7E4C000D1BCC /* LockScreenTests.xctest */ = {isa = PBXFileReference; explicitFileType = wrapper.cfbundle; includeInIndex = 0; path = LockScreenTests.xctest; sourceTree = BUILT_PRODUCTS_DIR; };
		31AA8D3F187B7E4C000D1BCC /* XCTest.framework */ = {isa = PBXFileReference; lastKnownFileType = wrapper.framework; name = XCTest.framework; path = Library/Frameworks/XCTest.framework; sourceTree = DEVELOPER_DIR; };
		31AA8D47187B7E4C000D1BCC /* LockScreenTests-Info.plist */ = {isa = PBXFileReference; lastKnownFileType = text.plist.xml; path = "LockScreenTests-Info.plist"; sourceTree = "<group>"; };
		31AA8D49187B7E4C000D1BCC /* en */ = {isa = PBXFileReference; lastKnownFileType = text.plist.strings; name = en; path = en.lproj/InfoPlist.strings; sourceTree = "<group>"; };
		31AA8D4B187B7E4C000D1BCC /* LockScreenTests.m */ = {isa = PBXFileReference; lastKnownFileType = sourcecode.c.objc; path = LockScreenTests.m; sourceTree = "<group>"; };
		31AA8D55187B7F54000D1BCC /* LSUnlockedViewController.h */ = {isa = PBXFileReference; fileEncoding = 4; lastKnownFileType = sourcecode.c.h; name = LSUnlockedViewController.h; path = ViewControllers/LSUnlockedViewController.h; sourceTree = "<group>"; };
		31AA8D56187B7F54000D1BCC /* LSUnlockedViewController.m */ = {isa = PBXFileReference; fileEncoding = 4; lastKnownFileType = sourcecode.c.objc; name = LSUnlockedViewController.m; path = ViewControllers/LSUnlockedViewController.m; sourceTree = "<group>"; };
		31AA8D57187B7F54000D1BCC /* LSUnlockedViewController.xib */ = {isa = PBXFileReference; fileEncoding = 4; lastKnownFileType = file.xib; name = LSUnlockedViewController.xib; path = ViewControllers/LSUnlockedViewController.xib; sourceTree = "<group>"; };
		31AA8D5B187B7FC8000D1BCC /* LSLockScreen.h */ = {isa = PBXFileReference; fileEncoding = 4; lastKnownFileType = sourcecode.c.h; name = LSLockScreen.h; path = ViewControllers/LSLockScreen.h; sourceTree = "<group>"; };
		31AA8D5C187B7FC8000D1BCC /* LSLockScreen.m */ = {isa = PBXFileReference; fileEncoding = 4; lastKnownFileType = sourcecode.c.objc; name = LSLockScreen.m; path = ViewControllers/LSLockScreen.m; sourceTree = "<group>"; };
		31AA8D5D187B7FC8000D1BCC /* LSLockScreen.xib */ = {isa = PBXFileReference; fileEncoding = 4; lastKnownFileType = file.xib; name = LSLockScreen.xib; path = ViewControllers/LSLockScreen.xib; sourceTree = "<group>"; };
/* End PBXFileReference section */

/* Begin PBXFrameworksBuildPhase section */
		31AA8D20187B7E4C000D1BCC /* Frameworks */ = {
			isa = PBXFrameworksBuildPhase;
			buildActionMask = 2147483647;
			files = (
				31AA8D29187B7E4C000D1BCC /* CoreGraphics.framework in Frameworks */,
				31AA8D2B187B7E4C000D1BCC /* UIKit.framework in Frameworks */,
				31AA8D27187B7E4C000D1BCC /* Foundation.framework in Frameworks */,
			);
			runOnlyForDeploymentPostprocessing = 0;
		};
		31AA8D3B187B7E4C000D1BCC /* Frameworks */ = {
			isa = PBXFrameworksBuildPhase;
			buildActionMask = 2147483647;
			files = (
				31AA8D40187B7E4C000D1BCC /* XCTest.framework in Frameworks */,
				31AA8D42187B7E4C000D1BCC /* UIKit.framework in Frameworks */,
				31AA8D41187B7E4C000D1BCC /* Foundation.framework in Frameworks */,
			);
			runOnlyForDeploymentPostprocessing = 0;
		};
/* End PBXFrameworksBuildPhase section */

/* Begin PBXGroup section */
		31AA8D1A187B7E4C000D1BCC = {
			isa = PBXGroup;
			children = (
				31AA8D2C187B7E4C000D1BCC /* LockScreen */,
				31AA8D45187B7E4C000D1BCC /* LockScreenTests */,
				31AA8D25187B7E4C000D1BCC /* Frameworks */,
				31AA8D24187B7E4C000D1BCC /* Products */,
			);
			sourceTree = "<group>";
		};
		31AA8D24187B7E4C000D1BCC /* Products */ = {
			isa = PBXGroup;
			children = (
				31AA8D23187B7E4C000D1BCC /* LockScreen.app */,
				31AA8D3E187B7E4C000D1BCC /* LockScreenTests.xctest */,
			);
			name = Products;
			sourceTree = "<group>";
		};
		31AA8D25187B7E4C000D1BCC /* Frameworks */ = {
			isa = PBXGroup;
			children = (
				31AA8D26187B7E4C000D1BCC /* Foundation.framework */,
				31AA8D28187B7E4C000D1BCC /* CoreGraphics.framework */,
				31AA8D2A187B7E4C000D1BCC /* UIKit.framework */,
				31AA8D3F187B7E4C000D1BCC /* XCTest.framework */,
			);
			name = Frameworks;
			sourceTree = "<group>";
		};
		31AA8D2C187B7E4C000D1BCC /* LockScreen */ = {
			isa = PBXGroup;
			children = (
				31AA8D35187B7E4C000D1BCC /* LSAppDelegate.h */,
				31AA8D36187B7E4C000D1BCC /* LSAppDelegate.m */,
				31AA8D5A187B7F61000D1BCC /* ViewControllers */,
				31AA8D38187B7E4C000D1BCC /* Images.xcassets */,
				31AA8D2D187B7E4C000D1BCC /* Supporting Files */,
			);
			path = LockScreen;
			sourceTree = "<group>";
		};
		31AA8D2D187B7E4C000D1BCC /* Supporting Files */ = {
			isa = PBXGroup;
			children = (
				31013846187B8682005D7FE2 /* LSLockScreen+Private.h */,
				31013847187B8682005D7FE2 /* LSLockScreen+Private.m */,
				31AA8D2E187B7E4C000D1BCC /* LockScreen-Info.plist */,
				31AA8D2F187B7E4C000D1BCC /* InfoPlist.strings */,
				31AA8D32187B7E4C000D1BCC /* main.m */,
				31AA8D34187B7E4C000D1BCC /* LockScreen-Prefix.pch */,
			);
			name = "Supporting Files";
			sourceTree = "<group>";
		};
		31AA8D45187B7E4C000D1BCC /* LockScreenTests */ = {
			isa = PBXGroup;
			children = (
				31AA8D4B187B7E4C000D1BCC /* LockScreenTests.m */,
				31AA8D46187B7E4C000D1BCC /* Supporting Files */,
			);
			path = LockScreenTests;
			sourceTree = "<group>";
		};
		31AA8D46187B7E4C000D1BCC /* Supporting Files */ = {
			isa = PBXGroup;
			children = (
				31AA8D47187B7E4C000D1BCC /* LockScreenTests-Info.plist */,
				31AA8D48187B7E4C000D1BCC /* InfoPlist.strings */,
			);
			name = "Supporting Files";
			sourceTree = "<group>";
		};
		31AA8D5A187B7F61000D1BCC /* ViewControllers */ = {
			isa = PBXGroup;
			children = (
				31AA8D55187B7F54000D1BCC /* LSUnlockedViewController.h */,
				31AA8D56187B7F54000D1BCC /* LSUnlockedViewController.m */,
				31AA8D57187B7F54000D1BCC /* LSUnlockedViewController.xib */,
				31AA8D5B187B7FC8000D1BCC /* LSLockScreen.h */,
				31AA8D5C187B7FC8000D1BCC /* LSLockScreen.m */,
				31AA8D5D187B7FC8000D1BCC /* LSLockScreen.xib */,
			);
			name = ViewControllers;
			sourceTree = "<group>";
		};
/* End PBXGroup section */

/* Begin PBXNativeTarget section */
		31AA8D22187B7E4C000D1BCC /* LockScreen */ = {
			isa = PBXNativeTarget;
			buildConfigurationList = 31AA8D4F187B7E4C000D1BCC /* Build configuration list for PBXNativeTarget "LockScreen" */;
			buildPhases = (
				31AA8D1F187B7E4C000D1BCC /* Sources */,
				31AA8D20187B7E4C000D1BCC /* Frameworks */,
				31AA8D21187B7E4C000D1BCC /* Resources */,
			);
			buildRules = (
			);
			dependencies = (
			);
			name = LockScreen;
			productName = LockScreen;
			productReference = 31AA8D23187B7E4C000D1BCC /* LockScreen.app */;
			productType = "com.apple.product-type.application";
		};
		31AA8D3D187B7E4C000D1BCC /* LockScreenTests */ = {
			isa = PBXNativeTarget;
			buildConfigurationList = 31AA8D52187B7E4C000D1BCC /* Build configuration list for PBXNativeTarget "LockScreenTests" */;
			buildPhases = (
				31AA8D3A187B7E4C000D1BCC /* Sources */,
				31AA8D3B187B7E4C000D1BCC /* Frameworks */,
				31AA8D3C187B7E4C000D1BCC /* Resources */,
			);
			buildRules = (
			);
			dependencies = (
				31AA8D44187B7E4C000D1BCC /* PBXTargetDependency */,
			);
			name = LockScreenTests;
			productName = LockScreenTests;
			productReference = 31AA8D3E187B7E4C000D1BCC /* LockScreenTests.xctest */;
			productType = "com.apple.product-type.bundle.unit-test";
		};
/* End PBXNativeTarget section */

/* Begin PBXProject section */
		31AA8D1B187B7E4C000D1BCC /* Project object */ = {
			isa = PBXProject;
			attributes = {
				CLASSPREFIX = LS;
				LastUpgradeCheck = 0500;
				ORGANIZATIONNAME = SquareCodeCamp;
				TargetAttributes = {
					31AA8D3D187B7E4C000D1BCC = {
						TestTargetID = 31AA8D22187B7E4C000D1BCC;
					};
				};
			};
			buildConfigurationList = 31AA8D1E187B7E4C000D1BCC /* Build configuration list for PBXProject "LockScreen" */;
			compatibilityVersion = "Xcode 3.2";
			developmentRegion = English;
			hasScannedForEncodings = 0;
			knownRegions = (
				en,
			);
			mainGroup = 31AA8D1A187B7E4C000D1BCC;
			productRefGroup = 31AA8D24187B7E4C000D1BCC /* Products */;
			projectDirPath = "";
			projectRoot = "";
			targets = (
				31AA8D22187B7E4C000D1BCC /* LockScreen */,
				31AA8D3D187B7E4C000D1BCC /* LockScreenTests */,
			);
		};
/* End PBXProject section */

/* Begin PBXResourcesBuildPhase section */
		31AA8D21187B7E4C000D1BCC /* Resources */ = {
			isa = PBXResourcesBuildPhase;
			buildActionMask = 2147483647;
			files = (
				31AA8D31187B7E4C000D1BCC /* InfoPlist.strings in Resources */,
				31AA8D5F187B7FC8000D1BCC /* LSLockScreen.xib in Resources */,
				31AA8D39187B7E4C000D1BCC /* Images.xcassets in Resources */,
				31AA8D59187B7F54000D1BCC /* LSUnlockedViewController.xib in Resources */,
			);
			runOnlyForDeploymentPostprocessing = 0;
		};
		31AA8D3C187B7E4C000D1BCC /* Resources */ = {
			isa = PBXResourcesBuildPhase;
			buildActionMask = 2147483647;
			files = (
				31AA8D4A187B7E4C000D1BCC /* InfoPlist.strings in Resources */,
			);
			runOnlyForDeploymentPostprocessing = 0;
		};
/* End PBXResourcesBuildPhase section */

/* Begin PBXSourcesBuildPhase section */
		31AA8D1F187B7E4C000D1BCC /* Sources */ = {
			isa = PBXSourcesBuildPhase;
			buildActionMask = 2147483647;
			files = (
				31AA8D33187B7E4C000D1BCC /* main.m in Sources */,
				31AA8D5E187B7FC8000D1BCC /* LSLockScreen.m in Sources */,
				31013848187B8682005D7FE2 /* LSLockScreen+Private.m in Sources */,
				31AA8D37187B7E4C000D1BCC /* LSAppDelegate.m in Sources */,
				31AA8D58187B7F54000D1BCC /* LSUnlockedViewController.m in Sources */,
			);
			runOnlyForDeploymentPostprocessing = 0;
		};
		31AA8D3A187B7E4C000D1BCC /* Sources */ = {
			isa = PBXSourcesBuildPhase;
			buildActionMask = 2147483647;
			files = (
				31AA8D4C187B7E4C000D1BCC /* LockScreenTests.m in Sources */,
			);
			runOnlyForDeploymentPostprocessing = 0;
		};
/* End PBXSourcesBuildPhase section */

/* Begin PBXTargetDependency section */
		31AA8D44187B7E4C000D1BCC /* PBXTargetDependency */ = {
			isa = PBXTargetDependency;
			target = 31AA8D22187B7E4C000D1BCC /* LockScreen */;
			targetProxy = 31AA8D43187B7E4C000D1BCC /* PBXContainerItemProxy */;
		};
/* End PBXTargetDependency section */

/* Begin PBXVariantGroup section */
		31AA8D2F187B7E4C000D1BCC /* InfoPlist.strings */ = {
			isa = PBXVariantGroup;
			children = (
				31AA8D30187B7E4C000D1BCC /* en */,
			);
			name = InfoPlist.strings;
			sourceTree = "<group>";
		};
		31AA8D48187B7E4C000D1BCC /* InfoPlist.strings */ = {
			isa = PBXVariantGroup;
			children = (
				31AA8D49187B7E4C000D1BCC /* en */,
			);
			name = InfoPlist.strings;
			sourceTree = "<group>";
		};
/* End PBXVariantGroup section */

/* Begin XCBuildConfiguration section */
		31AA8D4D187B7E4C000D1BCC /* Debug */ = {
			isa = XCBuildConfiguration;
			buildSettings = {
				ALWAYS_SEARCH_USER_PATHS = NO;
				ARCHS = "$(ARCHS_STANDARD_INCLUDING_64_BIT)";
				CLANG_CXX_LANGUAGE_STANDARD = "gnu++0x";
				CLANG_CXX_LIBRARY = "libc++";
				CLANG_ENABLE_MODULES = YES;
				CLANG_ENABLE_OBJC_ARC = YES;
				CLANG_WARN_BOOL_CONVERSION = YES;
				CLANG_WARN_CONSTANT_CONVERSION = YES;
				CLANG_WARN_DIRECT_OBJC_ISA_USAGE = YES_ERROR;
				CLANG_WARN_EMPTY_BODY = YES;
				CLANG_WARN_ENUM_CONVERSION = YES;
				CLANG_WARN_INT_CONVERSION = YES;
				CLANG_WARN_OBJC_ROOT_CLASS = YES_ERROR;
				CLANG_WARN__DUPLICATE_METHOD_MATCH = YES;
				"CODE_SIGN_IDENTITY[sdk=iphoneos*]" = "iPhone Developer";
				COPY_PHASE_STRIP = NO;
				GCC_C_LANGUAGE_STANDARD = gnu99;
				GCC_DYNAMIC_NO_PIC = NO;
				GCC_OPTIMIZATION_LEVEL = 0;
				GCC_PREPROCESSOR_DEFINITIONS = (
					"DEBUG=1",
					"$(inherited)",
				);
				GCC_SYMBOLS_PRIVATE_EXTERN = NO;
				GCC_WARN_64_TO_32_BIT_CONVERSION = YES;
				GCC_WARN_ABOUT_RETURN_TYPE = YES_ERROR;
				GCC_WARN_UNDECLARED_SELECTOR = YES;
				GCC_WARN_UNINITIALIZED_AUTOS = YES;
				GCC_WARN_UNUSED_FUNCTION = YES;
				GCC_WARN_UNUSED_VARIABLE = YES;
				IPHONEOS_DEPLOYMENT_TARGET = 7.0;
				ONLY_ACTIVE_ARCH = YES;
				SDKROOT = iphoneos;
			};
			name = Debug;
		};
		31AA8D4E187B7E4C000D1BCC /* Release */ = {
			isa = XCBuildConfiguration;
			buildSettings = {
				ALWAYS_SEARCH_USER_PATHS = NO;
				ARCHS = "$(ARCHS_STANDARD_INCLUDING_64_BIT)";
				CLANG_CXX_LANGUAGE_STANDARD = "gnu++0x";
				CLANG_CXX_LIBRARY = "libc++";
				CLANG_ENABLE_MODULES = YES;
				CLANG_ENABLE_OBJC_ARC = YES;
				CLANG_WARN_BOOL_CONVERSION = YES;
				CLANG_WARN_CONSTANT_CONVERSION = YES;
				CLANG_WARN_DIRECT_OBJC_ISA_USAGE = YES_ERROR;
				CLANG_WARN_EMPTY_BODY = YES;
				CLANG_WARN_ENUM_CONVERSION = YES;
				CLANG_WARN_INT_CONVERSION = YES;
				CLANG_WARN_OBJC_ROOT_CLASS = YES_ERROR;
				CLANG_WARN__DUPLICATE_METHOD_MATCH = YES;
				"CODE_SIGN_IDENTITY[sdk=iphoneos*]" = "iPhone Developer";
				COPY_PHASE_STRIP = YES;
				ENABLE_NS_ASSERTIONS = NO;
				GCC_C_LANGUAGE_STANDARD = gnu99;
				GCC_WARN_64_TO_32_BIT_CONVERSION = YES;
				GCC_WARN_ABOUT_RETURN_TYPE = YES_ERROR;
				GCC_WARN_UNDECLARED_SELECTOR = YES;
				GCC_WARN_UNINITIALIZED_AUTOS = YES;
				GCC_WARN_UNUSED_FUNCTION = YES;
				GCC_WARN_UNUSED_VARIABLE = YES;
				IPHONEOS_DEPLOYMENT_TARGET = 7.0;
				SDKROOT = iphoneos;
				VALIDATE_PRODUCT = YES;
			};
			name = Release;
		};
		31AA8D50187B7E4C000D1BCC /* Debug */ = {
			isa = XCBuildConfiguration;
			buildSettings = {
				ASSETCATALOG_COMPILER_APPICON_NAME = AppIcon;
				ASSETCATALOG_COMPILER_LAUNCHIMAGE_NAME = LaunchImage;
				GCC_PRECOMPILE_PREFIX_HEADER = YES;
				GCC_PREFIX_HEADER = "LockScreen/LockScreen-Prefix.pch";
				INFOPLIST_FILE = "LockScreen/LockScreen-Info.plist";
				PRODUCT_NAME = "$(TARGET_NAME)";
				WRAPPER_EXTENSION = app;
			};
			name = Debug;
		};
		31AA8D51187B7E4C000D1BCC /* Release */ = {
			isa = XCBuildConfiguration;
			buildSettings = {
				ASSETCATALOG_COMPILER_APPICON_NAME = AppIcon;
				ASSETCATALOG_COMPILER_LAUNCHIMAGE_NAME = LaunchImage;
				GCC_PRECOMPILE_PREFIX_HEADER = YES;
				GCC_PREFIX_HEADER = "LockScreen/LockScreen-Prefix.pch";
				INFOPLIST_FILE = "LockScreen/LockScreen-Info.plist";
				PRODUCT_NAME = "$(TARGET_NAME)";
				WRAPPER_EXTENSION = app;
			};
			name = Release;
		};
		31AA8D53187B7E4C000D1BCC /* Debug */ = {
			isa = XCBuildConfiguration;
			buildSettings = {
				ARCHS = "$(ARCHS_STANDARD_INCLUDING_64_BIT)";
				BUNDLE_LOADER = "$(BUILT_PRODUCTS_DIR)/LockScreen.app/LockScreen";
				FRAMEWORK_SEARCH_PATHS = (
					"$(SDKROOT)/Developer/Library/Frameworks",
					"$(inherited)",
					"$(DEVELOPER_FRAMEWORKS_DIR)",
				);
				GCC_PRECOMPILE_PREFIX_HEADER = YES;
				GCC_PREFIX_HEADER = "LockScreen/LockScreen-Prefix.pch";
				GCC_PREPROCESSOR_DEFINITIONS = (
					"DEBUG=1",
					"$(inherited)",
				);
				INFOPLIST_FILE = "LockScreenTests/LockScreenTests-Info.plist";
				PRODUCT_NAME = "$(TARGET_NAME)";
				TEST_HOST = "$(BUNDLE_LOADER)";
				WRAPPER_EXTENSION = xctest;
			};
			name = Debug;
		};
		31AA8D54187B7E4C000D1BCC /* Release */ = {
			isa = XCBuildConfiguration;
			buildSettings = {
				ARCHS = "$(ARCHS_STANDARD_INCLUDING_64_BIT)";
				BUNDLE_LOADER = "$(BUILT_PRODUCTS_DIR)/LockScreen.app/LockScreen";
				FRAMEWORK_SEARCH_PATHS = (
					"$(SDKROOT)/Developer/Library/Frameworks",
					"$(inherited)",
					"$(DEVELOPER_FRAMEWORKS_DIR)",
				);
				GCC_PRECOMPILE_PREFIX_HEADER = YES;
				GCC_PREFIX_HEADER = "LockScreen/LockScreen-Prefix.pch";
				INFOPLIST_FILE = "LockScreenTests/LockScreenTests-Info.plist";
				PRODUCT_NAME = "$(TARGET_NAME)";
				TEST_HOST = "$(BUNDLE_LOADER)";
				WRAPPER_EXTENSION = xctest;
			};
			name = Release;
		};
/* End XCBuildConfiguration section */

/* Begin XCConfigurationList section */
		31AA8D1E187B7E4C000D1BCC /* Build configuration list for PBXProject "LockScreen" */ = {
			isa = XCConfigurationList;
			buildConfigurations = (
				31AA8D4D187B7E4C000D1BCC /* Debug */,
				31AA8D4E187B7E4C000D1BCC /* Release */,
			);
			defaultConfigurationIsVisible = 0;
			defaultConfigurationName = Release;
		};
		31AA8D4F187B7E4C000D1BCC /* Build configuration list for PBXNativeTarget "LockScreen" */ = {
			isa = XCConfigurationList;
			buildConfigurations = (
				31AA8D50187B7E4C000D1BCC /* Debug */,
				31AA8D51187B7E4C000D1BCC /* Release */,
			);
			defaultConfigurationIsVisible = 0;
			defaultConfigurationName = Release;
		};
		31AA8D52187B7E4C000D1BCC /* Build configuration list for PBXNativeTarget "LockScreenTests" */ = {
			isa = XCConfigurationList;
			buildConfigurations = (
				31AA8D53187B7E4C000D1BCC /* Debug */,
				31AA8D54187B7E4C000D1BCC /* Release */,
			);
			defaultConfigurationIsVisible = 0;
			defaultConfigurationName = Release;
		};
/* End XCConfigurationList section */
	};
	rootObject = 31AA8D1B187B7E4C000D1BCC /* Project object */;
}
